
Microsoft Visual Studio Solution File, Format Version 12.00
# Visual Studio Version 17
VisualStudioVersion = 17.11.35327.3
MinimumVisualStudioVersion = 10.0.40219.1
Project("{FAE04EC0-301F-11D3-BF4B-00C04F79EFBC}") = "Entities", "Entities\Entities.csproj", "{36E31EC3-C519-474D-B6C8-5F61B1E9DFD2}"
EndProject
Project("{FAE04EC0-301F-11D3-BF4B-00C04F79EFBC}") = "DAL", "DAL\DAL.csproj", "{84DD0822-CDE2-471F-9244-68CFBBFCB94D}"
EndProject
Project("{FAE04EC0-301F-11D3-BF4B-00C04F79EFBC}") = "BackEnd", "BackEnd\BackEnd.csproj", "{5F113626-0C1A-4B4A-A562-4FBC503980C3}"
EndProject
Global
	GlobalSection(SolutionConfigurationPlatforms) = preSolution
		Debug|Any CPU = Debug|Any CPU
		Release|Any CPU = Release|Any CPU
	EndGlobalSection
	GlobalSection(ProjectConfigurationPlatforms) = postSolution
		{36E31EC3-C519-474D-B6C8-5F61B1E9DFD2}.Debug|Any CPU.ActiveCfg = Debug|Any CPU
		{36E31EC3-C519-474D-B6C8-5F61B1E9DFD2}.Debug|Any CPU.Build.0 = Debug|Any CPU
		{36E31EC3-C519-474D-B6C8-5F61B1E9DFD2}.Release|Any CPU.ActiveCfg = Release|Any CPU
		{36E31EC3-C519-474D-B6C8-5F61B1E9DFD2}.Release|Any CPU.Build.0 = Release|Any CPU
		{84DD0822-CDE2-471F-9244-68CFBBFCB94D}.Debug|Any CPU.ActiveCfg = Debug|Any CPU
		{84DD0822-CDE2-471F-9244-68CFBBFCB94D}.Debug|Any CPU.Build.0 = Debug|Any CPU
		{84DD0822-CDE2-471F-9244-68CFBBFCB94D}.Release|Any CPU.ActiveCfg = Release|Any CPU
		{84DD0822-CDE2-471F-9244-68CFBBFCB94D}.Release|Any CPU.Build.0 = Release|Any CPU
		{5F113626-0C1A-4B4A-A562-4FBC503980C3}.Debug|Any CPU.ActiveCfg = Debug|Any CPU
		{5F113626-0C1A-4B4A-A562-4FBC503980C3}.Debug|Any CPU.Build.0 = Debug|Any CPU
		{5F113626-0C1A-4B4A-A562-4FBC503980C3}.Release|Any CPU.ActiveCfg = Release|Any CPU
		{5F113626-0C1A-4B4A-A562-4FBC503980C3}.Release|Any CPU.Build.0 = Release|Any CPU
	EndGlobalSection
	GlobalSection(SolutionProperties) = preSolution
		HideSolutionNode = FALSE
	EndGlobalSection
	GlobalSection(ExtensibilityGlobals) = postSolution
		SolutionGuid = {28A05B39-856C-491D-B81B-DF7F0714E57D}
	EndGlobalSection
EndGlobal
